
Microsoft Visual Studio Solution File, Format Version 12.00
# Visual Studio 15
VisualStudioVersion = 15.0.27703.2026
MinimumVisualStudioVersion = 10.0.40219.1
Project("{FAE04EC0-301F-11D3-BF4B-00C04F79EFBC}") = "ikanopu", "ikanopu.csproj", "{6BAC96F3-D49B-4CE3-844F-81529B9E72EB}"
EndProject
Global
	GlobalSection(SolutionConfigurationPlatforms) = preSolution
		Debug|Any CPU = Debug|Any CPU
		Release|Any CPU = Release|Any CPU
	EndGlobalSection
	GlobalSection(ProjectConfigurationPlatforms) = postSolution
		{6BAC96F3-D49B-4CE3-844F-81529B9E72EB}.Debug|Any CPU.ActiveCfg = Debug|Any CPU
		{6BAC96F3-D49B-4CE3-844F-81529B9E72EB}.Debug|Any CPU.Build.0 = Debug|Any CPU
		{6BAC96F3-D49B-4CE3-844F-81529B9E72EB}.Release|Any CPU.ActiveCfg = Release|Any CPU
		{6BAC96F3-D49B-4CE3-844F-81529B9E72EB}.Release|Any CPU.Build.0 = Release|Any CPU
	EndGlobalSection
	GlobalSection(SolutionProperties) = preSolution
		HideSolutionNode = FALSE
	EndGlobalSection
	GlobalSection(ExtensibilityGlobals) = postSolution
		SolutionGuid = {B98624A4-59E4-4853-8502-47E0224B3935}
	EndGlobalSection
EndGlobal
